
Microsoft Visual Studio Solution File, Format Version 12.00
# Visual Studio Version 16
VisualStudioVersion = 16.0.31105.61
MinimumVisualStudioVersion = 10.0.40219.1
Project("{FAE04EC0-301F-11D3-BF4B-00C04F79EFBC}") = "FunctionApp28", "FunctionApp28.csproj", "{34D6C872-9D63-4B7D-ABB3-B8F3B8CF1AFA}"
EndProject
Global
	GlobalSection(SolutionConfigurationPlatforms) = preSolution
		Debug|Any CPU = Debug|Any CPU
		Release|Any CPU = Release|Any CPU
	EndGlobalSection
	GlobalSection(ProjectConfigurationPlatforms) = postSolution
		{34D6C872-9D63-4B7D-ABB3-B8F3B8CF1AFA}.Debug|Any CPU.ActiveCfg = Debug|Any CPU
		{34D6C872-9D63-4B7D-ABB3-B8F3B8CF1AFA}.Debug|Any CPU.Build.0 = Debug|Any CPU
		{34D6C872-9D63-4B7D-ABB3-B8F3B8CF1AFA}.Release|Any CPU.ActiveCfg = Release|Any CPU
		{34D6C872-9D63-4B7D-ABB3-B8F3B8CF1AFA}.Release|Any CPU.Build.0 = Release|Any CPU
	EndGlobalSection
	GlobalSection(SolutionProperties) = preSolution
		HideSolutionNode = FALSE
	EndGlobalSection
	GlobalSection(ExtensibilityGlobals) = postSolution
		SolutionGuid = {DCDAFBED-E5D1-4D79-B8DE-E3973D282515}
	EndGlobalSection
EndGlobal
